
Microsoft Visual Studio Solution File, Format Version 12.00
# Visual Studio Version 17
VisualStudioVersion = 17.3.32825.248
MinimumVisualStudioVersion = 10.0.40219.1
Project("{FAE04EC0-301F-11D3-BF4B-00C04F79EFBC}") = "DevOpsProjectAzure", "DevOpsProjectAzure\DevOpsProjectAzure.csproj", "{37CF0ADA-AC4F-446E-8EE1-875396E0917A}"
EndProject
Project("{FAE04EC0-301F-11D3-BF4B-00C04F79EFBC}") = "DevOpsProjectAzure.Tests", "DevOpsProjectAzure.Tests\DevOpsProjectAzure.Tests.csproj", "{6F01612E-FD8F-47D5-B10B-D389F5E07BE6}"
EndProject
Global
	GlobalSection(SolutionConfigurationPlatforms) = preSolution
		Debug|Any CPU = Debug|Any CPU
		Release|Any CPU = Release|Any CPU
	EndGlobalSection
	GlobalSection(ProjectConfigurationPlatforms) = postSolution
		{37CF0ADA-AC4F-446E-8EE1-875396E0917A}.Debug|Any CPU.ActiveCfg = Debug|Any CPU
		{37CF0ADA-AC4F-446E-8EE1-875396E0917A}.Debug|Any CPU.Build.0 = Debug|Any CPU
		{37CF0ADA-AC4F-446E-8EE1-875396E0917A}.Release|Any CPU.ActiveCfg = Release|Any CPU
		{37CF0ADA-AC4F-446E-8EE1-875396E0917A}.Release|Any CPU.Build.0 = Release|Any CPU
		{6F01612E-FD8F-47D5-B10B-D389F5E07BE6}.Debug|Any CPU.ActiveCfg = Debug|Any CPU
		{6F01612E-FD8F-47D5-B10B-D389F5E07BE6}.Debug|Any CPU.Build.0 = Debug|Any CPU
		{6F01612E-FD8F-47D5-B10B-D389F5E07BE6}.Release|Any CPU.ActiveCfg = Release|Any CPU
		{6F01612E-FD8F-47D5-B10B-D389F5E07BE6}.Release|Any CPU.Build.0 = Release|Any CPU
	EndGlobalSection
	GlobalSection(SolutionProperties) = preSolution
		HideSolutionNode = FALSE
	EndGlobalSection
	GlobalSection(ExtensibilityGlobals) = postSolution
		SolutionGuid = {639BFF1C-D4A9-4E78-9F31-E901FECF67DA}
	EndGlobalSection
EndGlobal
